
Microsoft Visual Studio Solution File, Format Version 12.00
# Visual Studio Version 16
VisualStudioVersion = 16.0.29215.179
MinimumVisualStudioVersion = 10.0.40219.1
Project("{8BC9CEB8-8B4A-11D0-8D11-00A0C91BC942}") = "win32_imgui", "win32_imgui.vcxproj", "{77D4F87D-742B-4D3B-ACE0-AE034AF4E64F}"
EndProject
Global
	GlobalSection(SolutionConfigurationPlatforms) = preSolution
		Debug|x64 = Debug|x64
		Debug|x86 = Debug|x86
		Release|x64 = Release|x64
		Release|x86 = Release|x86
	EndGlobalSection
	GlobalSection(ProjectConfigurationPlatforms) = postSolution
		{77D4F87D-742B-4D3B-ACE0-AE034AF4E64F}.Debug|x64.ActiveCfg = Debug|x64
		{77D4F87D-742B-4D3B-ACE0-AE034AF4E64F}.Debug|x64.Build.0 = Debug|x64
		{77D4F87D-742B-4D3B-ACE0-AE034AF4E64F}.Debug|x86.ActiveCfg = Debug|Win32
		{77D4F87D-742B-4D3B-ACE0-AE034AF4E64F}.Debug|x86.Build.0 = Debug|Win32
		{77D4F87D-742B-4D3B-ACE0-AE034AF4E64F}.Release|x64.ActiveCfg = Release|x64
		{77D4F87D-742B-4D3B-ACE0-AE034AF4E64F}.Release|x64.Build.0 = Release|x64
		{77D4F87D-742B-4D3B-ACE0-AE034AF4E64F}.Release|x86.ActiveCfg = Release|Win32
		{77D4F87D-742B-4D3B-ACE0-AE034AF4E64F}.Release|x86.Build.0 = Release|Win32
	EndGlobalSection
	GlobalSection(SolutionProperties) = preSolution
		HideSolutionNode = FALSE
	EndGlobalSection
	GlobalSection(ExtensibilityGlobals) = postSolution
		SolutionGuid = {373CFD10-7263-4CD7-A01C-55332BBE217A}
	EndGlobalSection
EndGlobal
